// !$*UTF8*$!
{
   archiveVersion = "1";
   objectVersion = "46";
   objects = {
      "OBJ_1" = {
         isa = "PBXProject";
         attributes = {
            LastUpgradeCheck = "9999";
         };
         buildConfigurationList = "OBJ_2";
         compatibilityVersion = "Xcode 3.2";
         developmentRegion = "English";
         hasScannedForEncodings = "0";
         knownRegions = (
            "en"
         );
         mainGroup = "OBJ_5";
         productRefGroup = "OBJ_28";
         projectDirPath = ".";
         targets = (
            "WolfNumerics::Demo",
            "WolfNumerics::Tests",
            "WolfNumerics::WolfNumerics",
            "WolfNumerics::SwiftPMPackageDescription",
            "WolfNumerics::WolfNumericsPackageTests::ProductTarget"
         );
      };
      "OBJ_10" = {
         isa = "PBXFileReference";
         path = "BinarySearch.swift";
         sourceTree = "<group>";
      };
      "OBJ_11" = {
         isa = "PBXFileReference";
         path = "Frac.swift";
         sourceTree = "<group>";
      };
      "OBJ_12" = {
         isa = "PBXFileReference";
         path = "Interpolable.swift";
         sourceTree = "<group>";
      };
      "OBJ_13" = {
         isa = "PBXFileReference";
         path = "Interval.swift";
         sourceTree = "<group>";
      };
      "OBJ_14" = {
         isa = "PBXFileReference";
         path = "IntervalCreationOperator.swift";
         sourceTree = "<group>";
      };
      "OBJ_15" = {
         isa = "PBXFileReference";
         path = "Lerp.swift";
         sourceTree = "<group>";
      };
      "OBJ_16" = {
         isa = "PBXFileReference";
         path = "NumericUtils.swift";
         sourceTree = "<group>";
      };
      "OBJ_17" = {
         isa = "PBXFileReference";
         path = "PercentOperator.swift";
         sourceTree = "<group>";
      };
      "OBJ_18" = {
         isa = "PBXFileReference";
         path = "RandomExtensions.swift";
         sourceTree = "<group>";
      };
      "OBJ_19" = {
         isa = "PBXFileReference";
         path = "RangeExtensions.swift";
         sourceTree = "<group>";
      };
      "OBJ_2" = {
         isa = "XCConfigurationList";
         buildConfigurations = (
            "OBJ_3",
            "OBJ_4"
         );
         defaultConfigurationIsVisible = "0";
         defaultConfigurationName = "Release";
      };
      "OBJ_20" = {
         isa = "PBXFileReference";
         path = "RunningAverage.swift";
         sourceTree = "<group>";
      };
      "OBJ_21" = {
         isa = "PBXFileReference";
         path = "SecureRandomNumberGenerator.swift";
         sourceTree = "<group>";
      };
      "OBJ_22" = {
         isa = "PBXFileReference";
         path = "SeededRandomNumberGenerator.swift";
         sourceTree = "<group>";
      };
      "OBJ_23" = {
         isa = "PBXGroup";
         children = (
            "OBJ_24"
         );
         name = "Demo";
         path = "Sources/Demo";
         sourceTree = "SOURCE_ROOT";
      };
      "OBJ_24" = {
         isa = "PBXFileReference";
         path = "main.swift";
         sourceTree = "<group>";
      };
      "OBJ_25" = {
         isa = "PBXGroup";
         children = (
            "OBJ_26"
         );
         name = "Tests";
         path = "";
         sourceTree = "SOURCE_ROOT";
      };
      "OBJ_26" = {
         isa = "PBXGroup";
         children = (
            "OBJ_27"
         );
         name = "Tests";
         path = "Sources/Tests";
         sourceTree = "SOURCE_ROOT";
      };
      "OBJ_27" = {
         isa = "PBXFileReference";
         path = "Tests.swift";
         sourceTree = "<group>";
      };
      "OBJ_28" = {
         isa = "PBXGroup";
         children = (
            "WolfNumerics::Tests::Product",
            "WolfNumerics::Demo::Product",
            "WolfNumerics::WolfNumerics::Product"
         );
         name = "Products";
         path = "";
         sourceTree = "BUILT_PRODUCTS_DIR";
      };
      "OBJ_3" = {
         isa = "XCBuildConfiguration";
         buildSettings = {
            CLANG_ENABLE_OBJC_ARC = "YES";
            COMBINE_HIDPI_IMAGES = "YES";
            COPY_PHASE_STRIP = "NO";
            DEBUG_INFORMATION_FORMAT = "dwarf";
            DYLIB_INSTALL_NAME_BASE = "@rpath";
            ENABLE_NS_ASSERTIONS = "YES";
            GCC_OPTIMIZATION_LEVEL = "0";
            GCC_PREPROCESSOR_DEFINITIONS = (
               "DEBUG=1",
               "$(inherited)"
            );
            MACOSX_DEPLOYMENT_TARGET = "10.10";
            ONLY_ACTIVE_ARCH = "YES";
            OTHER_SWIFT_FLAGS = (
               "-DXcode"
            );
            PRODUCT_NAME = "$(TARGET_NAME)";
            SDKROOT = "macosx";
            SUPPORTED_PLATFORMS = (
               "macosx",
               "iphoneos",
               "iphonesimulator",
               "appletvos",
               "appletvsimulator",
               "watchos",
               "watchsimulator"
            );
            SWIFT_ACTIVE_COMPILATION_CONDITIONS = (
               "SWIFT_PACKAGE",
               "DEBUG"
            );
            SWIFT_OPTIMIZATION_LEVEL = "-Onone";
            USE_HEADERMAP = "NO";
         };
         name = "Debug";
      };
      "OBJ_33" = {
         isa = "XCConfigurationList";
         buildConfigurations = (
            "OBJ_34",
            "OBJ_35"
         );
         defaultConfigurationIsVisible = "0";
         defaultConfigurationName = "Release";
      };
      "OBJ_34" = {
         isa = "XCBuildConfiguration";
         buildSettings = {
            FRAMEWORK_SEARCH_PATHS = (
               "$(inherited)",
               "$(PLATFORM_DIR)/Developer/Library/Frameworks"
            );
            HEADER_SEARCH_PATHS = (
               "$(inherited)"
            );
            INFOPLIST_FILE = "WolfNumerics.xcodeproj/Demo_Info.plist";
            LD_RUNPATH_SEARCH_PATHS = (
               "$(inherited)",
               "$(TOOLCHAIN_DIR)/usr/lib/swift/macosx",
               "@executable_path"
            );
            OTHER_CFLAGS = (
               "$(inherited)"
            );
            OTHER_LDFLAGS = (
               "$(inherited)"
            );
            OTHER_SWIFT_FLAGS = (
               "$(inherited)"
            );
            SWIFT_ACTIVE_COMPILATION_CONDITIONS = (
               "$(inherited)"
            );
            SWIFT_FORCE_DYNAMIC_LINK_STDLIB = "YES";
            SWIFT_FORCE_STATIC_LINK_STDLIB = "NO";
            SWIFT_VERSION = "4.2";
            TARGET_NAME = "Demo";
         };
         name = "Debug";
      };
      "OBJ_35" = {
         isa = "XCBuildConfiguration";
         buildSettings = {
            FRAMEWORK_SEARCH_PATHS = (
               "$(inherited)",
               "$(PLATFORM_DIR)/Developer/Library/Frameworks"
            );
            HEADER_SEARCH_PATHS = (
               "$(inherited)"
            );
            INFOPLIST_FILE = "WolfNumerics.xcodeproj/Demo_Info.plist";
            LD_RUNPATH_SEARCH_PATHS = (
               "$(inherited)",
               "$(TOOLCHAIN_DIR)/usr/lib/swift/macosx",
               "@executable_path"
            );
            OTHER_CFLAGS = (
               "$(inherited)"
            );
            OTHER_LDFLAGS = (
               "$(inherited)"
            );
            OTHER_SWIFT_FLAGS = (
               "$(inherited)"
            );
            SWIFT_ACTIVE_COMPILATION_CONDITIONS = (
               "$(inherited)"
            );
            SWIFT_FORCE_DYNAMIC_LINK_STDLIB = "YES";
            SWIFT_FORCE_STATIC_LINK_STDLIB = "NO";
            SWIFT_VERSION = "4.2";
            TARGET_NAME = "Demo";
         };
         name = "Release";
      };
      "OBJ_36" = {
         isa = "PBXSourcesBuildPhase";
         files = (
            "OBJ_37"
         );
      };
      "OBJ_37" = {
         isa = "PBXBuildFile";
         fileRef = "OBJ_24";
      };
      "OBJ_38" = {
         isa = "PBXFrameworksBuildPhase";
         files = (
            "OBJ_39"
         );
      };
      "OBJ_39" = {
         isa = "PBXBuildFile";
         fileRef = "WolfNumerics::WolfNumerics::Product";
      };
      "OBJ_4" = {
         isa = "XCBuildConfiguration";
         buildSettings = {
            CLANG_ENABLE_OBJC_ARC = "YES";
            COMBINE_HIDPI_IMAGES = "YES";
            COPY_PHASE_STRIP = "YES";
            DEBUG_INFORMATION_FORMAT = "dwarf-with-dsym";
            DYLIB_INSTALL_NAME_BASE = "@rpath";
            GCC_OPTIMIZATION_LEVEL = "s";
            MACOSX_DEPLOYMENT_TARGET = "10.10";
            OTHER_SWIFT_FLAGS = (
               "-DXcode"
            );
            PRODUCT_NAME = "$(TARGET_NAME)";
            SDKROOT = "macosx";
            SUPPORTED_PLATFORMS = (
               "macosx",
               "iphoneos",
               "iphonesimulator",
               "appletvos",
               "appletvsimulator",
               "watchos",
               "watchsimulator"
            );
            SWIFT_ACTIVE_COMPILATION_CONDITIONS = (
               "SWIFT_PACKAGE"
            );
            SWIFT_OPTIMIZATION_LEVEL = "-Owholemodule";
            USE_HEADERMAP = "NO";
         };
         name = "Release";
      };
      "OBJ_40" = {
         isa = "PBXTargetDependency";
         target = "WolfNumerics::WolfNumerics";
      };
      "OBJ_43" = {
         isa = "XCConfigurationList";
         buildConfigurations = (
            "OBJ_44",
            "OBJ_45"
         );
         defaultConfigurationIsVisible = "0";
         defaultConfigurationName = "Release";
      };
      "OBJ_44" = {
         isa = "XCBuildConfiguration";
         buildSettings = {
            CLANG_ENABLE_MODULES = "YES";
            EMBEDDED_CONTENT_CONTAINS_SWIFT = "YES";
            FRAMEWORK_SEARCH_PATHS = (
               "$(inherited)",
               "$(PLATFORM_DIR)/Developer/Library/Frameworks"
            );
            HEADER_SEARCH_PATHS = (
               "$(inherited)"
            );
            INFOPLIST_FILE = "WolfNumerics.xcodeproj/Tests_Info.plist";
            LD_RUNPATH_SEARCH_PATHS = (
               "$(inherited)",
               "@loader_path/../Frameworks",
               "@loader_path/Frameworks"
            );
            OTHER_CFLAGS = (
               "$(inherited)"
            );
            OTHER_LDFLAGS = (
               "$(inherited)"
            );
            OTHER_SWIFT_FLAGS = (
               "$(inherited)"
            );
            SWIFT_ACTIVE_COMPILATION_CONDITIONS = (
               "$(inherited)"
            );
            SWIFT_VERSION = "4.2";
            TARGET_NAME = "Tests";
         };
         name = "Debug";
      };
      "OBJ_45" = {
         isa = "XCBuildConfiguration";
         buildSettings = {
            CLANG_ENABLE_MODULES = "YES";
            EMBEDDED_CONTENT_CONTAINS_SWIFT = "YES";
            FRAMEWORK_SEARCH_PATHS = (
               "$(inherited)",
               "$(PLATFORM_DIR)/Developer/Library/Frameworks"
            );
            HEADER_SEARCH_PATHS = (
               "$(inherited)"
            );
            INFOPLIST_FILE = "WolfNumerics.xcodeproj/Tests_Info.plist";
            LD_RUNPATH_SEARCH_PATHS = (
               "$(inherited)",
               "@loader_path/../Frameworks",
               "@loader_path/Frameworks"
            );
            OTHER_CFLAGS = (
               "$(inherited)"
            );
            OTHER_LDFLAGS = (
               "$(inherited)"
            );
            OTHER_SWIFT_FLAGS = (
               "$(inherited)"
            );
            SWIFT_ACTIVE_COMPILATION_CONDITIONS = (
               "$(inherited)"
            );
            SWIFT_VERSION = "4.2";
            TARGET_NAME = "Tests";
         };
         name = "Release";
      };
      "OBJ_46" = {
         isa = "PBXSourcesBuildPhase";
         files = (
            "OBJ_47"
         );
      };
      "OBJ_47" = {
         isa = "PBXBuildFile";
         fileRef = "OBJ_27";
      };
      "OBJ_48" = {
         isa = "PBXFrameworksBuildPhase";
         files = (
            "OBJ_49"
         );
      };
      "OBJ_49" = {
         isa = "PBXBuildFile";
         fileRef = "WolfNumerics::WolfNumerics::Product";
      };
      "OBJ_5" = {
         isa = "PBXGroup";
         children = (
            "OBJ_6",
            "OBJ_7",
            "OBJ_25",
            "OBJ_28"
         );
         path = "";
         sourceTree = "<group>";
      };
      "OBJ_50" = {
         isa = "PBXTargetDependency";
         target = "WolfNumerics::WolfNumerics";
      };
      "OBJ_51" = {
         isa = "XCConfigurationList";
         buildConfigurations = (
            "OBJ_52",
            "OBJ_53"
         );
         defaultConfigurationIsVisible = "0";
         defaultConfigurationName = "Release";
      };
      "OBJ_52" = {
         isa = "XCBuildConfiguration";
         buildSettings = {
            ENABLE_TESTABILITY = "YES";
            FRAMEWORK_SEARCH_PATHS = (
               "$(inherited)",
               "$(PLATFORM_DIR)/Developer/Library/Frameworks"
            );
            HEADER_SEARCH_PATHS = (
               "$(inherited)"
            );
            INFOPLIST_FILE = "WolfNumerics.xcodeproj/WolfNumerics_Info.plist";
            LD_RUNPATH_SEARCH_PATHS = (
               "$(inherited)",
               "$(TOOLCHAIN_DIR)/usr/lib/swift/macosx"
            );
            OTHER_CFLAGS = (
               "$(inherited)"
            );
            OTHER_LDFLAGS = (
               "$(inherited)"
            );
            OTHER_SWIFT_FLAGS = (
               "$(inherited)"
            );
            PRODUCT_BUNDLE_IDENTIFIER = "WolfNumerics";
            PRODUCT_MODULE_NAME = "$(TARGET_NAME:c99extidentifier)";
            PRODUCT_NAME = "$(TARGET_NAME:c99extidentifier)";
            SKIP_INSTALL = "YES";
            SWIFT_ACTIVE_COMPILATION_CONDITIONS = (
               "$(inherited)"
            );
            SWIFT_VERSION = "4.2";
            TARGET_NAME = "WolfNumerics";
         };
         name = "Debug";
      };
      "OBJ_53" = {
         isa = "XCBuildConfiguration";
         buildSettings = {
            ENABLE_TESTABILITY = "YES";
            FRAMEWORK_SEARCH_PATHS = (
               "$(inherited)",
               "$(PLATFORM_DIR)/Developer/Library/Frameworks"
            );
            HEADER_SEARCH_PATHS = (
               "$(inherited)"
            );
            INFOPLIST_FILE = "WolfNumerics.xcodeproj/WolfNumerics_Info.plist";
            LD_RUNPATH_SEARCH_PATHS = (
               "$(inherited)",
               "$(TOOLCHAIN_DIR)/usr/lib/swift/macosx"
            );
            OTHER_CFLAGS = (
               "$(inherited)"
            );
            OTHER_LDFLAGS = (
               "$(inherited)"
            );
            OTHER_SWIFT_FLAGS = (
               "$(inherited)"
            );
            PRODUCT_BUNDLE_IDENTIFIER = "WolfNumerics";
            PRODUCT_MODULE_NAME = "$(TARGET_NAME:c99extidentifier)";
            PRODUCT_NAME = "$(TARGET_NAME:c99extidentifier)";
            SKIP_INSTALL = "YES";
            SWIFT_ACTIVE_COMPILATION_CONDITIONS = (
               "$(inherited)"
            );
            SWIFT_VERSION = "4.2";
            TARGET_NAME = "WolfNumerics";
         };
         name = "Release";
      };
      "OBJ_54" = {
         isa = "PBXSourcesBuildPhase";
         files = (
            "OBJ_55",
            "OBJ_56",
            "OBJ_57",
            "OBJ_58",
            "OBJ_59",
            "OBJ_60",
            "OBJ_61",
            "OBJ_62",
            "OBJ_63",
            "OBJ_64",
            "OBJ_65",
            "OBJ_66",
            "OBJ_67",
            "OBJ_68"
         );
      };
      "OBJ_55" = {
         isa = "PBXBuildFile";
         fileRef = "OBJ_9";
      };
      "OBJ_56" = {
         isa = "PBXBuildFile";
         fileRef = "OBJ_10";
      };
      "OBJ_57" = {
         isa = "PBXBuildFile";
         fileRef = "OBJ_11";
      };
      "OBJ_58" = {
         isa = "PBXBuildFile";
         fileRef = "OBJ_12";
      };
      "OBJ_59" = {
         isa = "PBXBuildFile";
         fileRef = "OBJ_13";
      };
      "OBJ_6" = {
         isa = "PBXFileReference";
         explicitFileType = "sourcecode.swift";
         path = "Package.swift";
         sourceTree = "<group>";
      };
      "OBJ_60" = {
         isa = "PBXBuildFile";
         fileRef = "OBJ_14";
      };
      "OBJ_61" = {
         isa = "PBXBuildFile";
         fileRef = "OBJ_15";
      };
      "OBJ_62" = {
         isa = "PBXBuildFile";
         fileRef = "OBJ_16";
      };
      "OBJ_63" = {
         isa = "PBXBuildFile";
         fileRef = "OBJ_17";
      };
      "OBJ_64" = {
         isa = "PBXBuildFile";
         fileRef = "OBJ_18";
      };
      "OBJ_65" = {
         isa = "PBXBuildFile";
         fileRef = "OBJ_19";
      };
      "OBJ_66" = {
         isa = "PBXBuildFile";
         fileRef = "OBJ_20";
      };
      "OBJ_67" = {
         isa = "PBXBuildFile";
         fileRef = "OBJ_21";
      };
      "OBJ_68" = {
         isa = "PBXBuildFile";
         fileRef = "OBJ_22";
      };
      "OBJ_69" = {
         isa = "PBXFrameworksBuildPhase";
         files = (
         );
      };
      "OBJ_7" = {
         isa = "PBXGroup";
         children = (
            "OBJ_8",
            "OBJ_23"
         );
         name = "Sources";
         path = "";
         sourceTree = "SOURCE_ROOT";
      };
      "OBJ_71" = {
         isa = "XCConfigurationList";
         buildConfigurations = (
            "OBJ_72",
            "OBJ_73"
         );
         defaultConfigurationIsVisible = "0";
         defaultConfigurationName = "Release";
      };
      "OBJ_72" = {
         isa = "XCBuildConfiguration";
         buildSettings = {
            LD = "/usr/bin/true";
            OTHER_SWIFT_FLAGS = (
               "-swift-version",
               "4.2",
               "-I",
               "$(TOOLCHAIN_DIR)/usr/lib/swift/pm/4_2",
               "-target",
               "x86_64-apple-macosx10.10",
               "-sdk",
               "/Applications/Xcode.app/Contents/Developer/Platforms/MacOSX.platform/Developer/SDKs/MacOSX10.14.sdk"
            );
            SWIFT_VERSION = "4.2";
         };
         name = "Debug";
      };
      "OBJ_73" = {
         isa = "XCBuildConfiguration";
         buildSettings = {
            LD = "/usr/bin/true";
            OTHER_SWIFT_FLAGS = (
               "-swift-version",
               "4.2",
               "-I",
               "$(TOOLCHAIN_DIR)/usr/lib/swift/pm/4_2",
               "-target",
               "x86_64-apple-macosx10.10",
               "-sdk",
               "/Applications/Xcode.app/Contents/Developer/Platforms/MacOSX.platform/Developer/SDKs/MacOSX10.14.sdk"
            );
            SWIFT_VERSION = "4.2";
         };
         name = "Release";
      };
      "OBJ_74" = {
         isa = "PBXSourcesBuildPhase";
         files = (
            "OBJ_75"
         );
      };
      "OBJ_75" = {
         isa = "PBXBuildFile";
         fileRef = "OBJ_6";
      };
      "OBJ_77" = {
         isa = "XCConfigurationList";
         buildConfigurations = (
            "OBJ_78",
            "OBJ_79"
         );
         defaultConfigurationIsVisible = "0";
         defaultConfigurationName = "Release";
      };
      "OBJ_78" = {
         isa = "XCBuildConfiguration";
         buildSettings = {
         };
         name = "Debug";
      };
      "OBJ_79" = {
         isa = "XCBuildConfiguration";
         buildSettings = {
         };
         name = "Release";
      };
      "OBJ_8" = {
         isa = "PBXGroup";
         children = (
            "OBJ_9",
            "OBJ_10",
            "OBJ_11",
            "OBJ_12",
            "OBJ_13",
            "OBJ_14",
            "OBJ_15",
            "OBJ_16",
            "OBJ_17",
            "OBJ_18",
            "OBJ_19",
            "OBJ_20",
            "OBJ_21",
            "OBJ_22"
         );
         name = "WolfNumerics";
         path = "Sources/WolfNumerics";
         sourceTree = "SOURCE_ROOT";
      };
      "OBJ_80" = {
         isa = "PBXTargetDependency";
         target = "WolfNumerics::Tests";
      };
      "OBJ_9" = {
         isa = "PBXFileReference";
         path = "ApproximatelyEqualsOperator.swift";
         sourceTree = "<group>";
      };
      "WolfNumerics::Demo" = {
         isa = "PBXNativeTarget";
         buildConfigurationList = "OBJ_33";
         buildPhases = (
            "OBJ_36",
            "OBJ_38"
         );
         dependencies = (
            "OBJ_40"
         );
         name = "Demo";
         productName = "Demo";
         productReference = "WolfNumerics::Demo::Product";
         productType = "com.apple.product-type.tool";
      };
      "WolfNumerics::Demo::Product" = {
         isa = "PBXFileReference";
         path = "Demo";
         sourceTree = "BUILT_PRODUCTS_DIR";
      };
      "WolfNumerics::SwiftPMPackageDescription" = {
         isa = "PBXNativeTarget";
         buildConfigurationList = "OBJ_71";
         buildPhases = (
            "OBJ_74"
         );
         dependencies = (
         );
         name = "WolfNumericsPackageDescription";
         productName = "WolfNumericsPackageDescription";
         productType = "com.apple.product-type.framework";
      };
      "WolfNumerics::Tests" = {
         isa = "PBXNativeTarget";
         buildConfigurationList = "OBJ_43";
         buildPhases = (
            "OBJ_46",
            "OBJ_48"
         );
         dependencies = (
            "OBJ_50"
         );
         name = "Tests";
         productName = "Tests";
         productReference = "WolfNumerics::Tests::Product";
         productType = "com.apple.product-type.bundle.unit-test";
      };
      "WolfNumerics::Tests::Product" = {
         isa = "PBXFileReference";
         path = "Tests.xctest";
         sourceTree = "BUILT_PRODUCTS_DIR";
      };
      "WolfNumerics::WolfNumerics" = {
         isa = "PBXNativeTarget";
         buildConfigurationList = "OBJ_51";
         buildPhases = (
            "OBJ_54",
            "OBJ_69"
         );
         dependencies = (
         );
         name = "WolfNumerics";
         productName = "WolfNumerics";
         productReference = "WolfNumerics::WolfNumerics::Product";
         productType = "com.apple.product-type.framework";
      };
      "WolfNumerics::WolfNumerics::Product" = {
         isa = "PBXFileReference";
         path = "WolfNumerics.framework";
         sourceTree = "BUILT_PRODUCTS_DIR";
      };
      "WolfNumerics::WolfNumericsPackageTests::ProductTarget" = {
         isa = "PBXAggregateTarget";
         buildConfigurationList = "OBJ_77";
         buildPhases = (
         );
         dependencies = (
            "OBJ_80"
         );
         name = "WolfNumericsPackageTests";
         productName = "WolfNumericsPackageTests";
      };
   };
   rootObject = "OBJ_1";
}
